
Microsoft Visual Studio Solution File, Format Version 12.00
# Visual Studio Version 17
VisualStudioVersion = 17.5.33424.131
MinimumVisualStudioVersion = 10.0.40219.1
Project("{9A19103F-16F7-4668-BE54-9A1E7A4F7556}") = "Testing", "Testing\Testing.csproj", "{14A1AFEC-795B-4175-A6D9-F4B2E60EFC9F}"
EndProject
Project("{9A19103F-16F7-4668-BE54-9A1E7A4F7556}") = "1. Reverse a String", "1. Reverse a String\1. Reverse a String.csproj", "{5B35980C-2818-47C1-AD71-AAED9A3DA874}"
EndProject
Project("{9A19103F-16F7-4668-BE54-9A1E7A4F7556}") = "2. Stack Sum", "2. Stack Sum\2. Stack Sum.csproj", "{8AEB8464-5255-47E7-A132-9602D3C5C713}"
EndProject
Project("{9A19103F-16F7-4668-BE54-9A1E7A4F7556}") = "3. Simple Calculator", "3. Simple Calculator\3. Simple Calculator.csproj", "{D67850C4-C39B-4B1E-B741-84039DCA8DA3}"
EndProject
Project("{9A19103F-16F7-4668-BE54-9A1E7A4F7556}") = "4. Matching Brackets", "4. Matching Brackets\4. Matching Brackets.csproj", "{E0DACBB9-57C6-4DD7-84B7-1F575F354C70}"
EndProject
Project("{9A19103F-16F7-4668-BE54-9A1E7A4F7556}") = "5. Print Even Numbers", "5. Print Even Numbers\5. Print Even Numbers.csproj", "{309EB688-EE2C-4FF3-B8EB-50E535570768}"
EndProject
Project("{9A19103F-16F7-4668-BE54-9A1E7A4F7556}") = "6. Supermarket", "6. Supermarket\6. Supermarket.csproj", "{5FA8F86D-6EBF-4B88-95C2-BCD4480CF600}"
EndProject
Project("{9A19103F-16F7-4668-BE54-9A1E7A4F7556}") = "7. Hot Potato", "7. Hot Potato\7. Hot Potato.csproj", "{77260AF0-74B4-4AD9-AC64-3F04060FC8D7}"
EndProject
Project("{9A19103F-16F7-4668-BE54-9A1E7A4F7556}") = "8. Traffic Jam", "8. Traffic Jam\8. Traffic Jam.csproj", "{F2F84CF6-4341-4AC9-B2EC-A0D87B0EF7C7}"
EndProject
Project("{FAE04EC0-301F-11D3-BF4B-00C04F79EFBC}") = "01. Basic Stack Operations", "01. Basic Stack Operations\01. Basic Stack Operations.csproj", "{BD9B2DF7-7BCD-46C1-9C35-997F431FC97F}"
EndProject
Project("{FAE04EC0-301F-11D3-BF4B-00C04F79EFBC}") = "02. Basic Queue Operations", "02. Basic Queue Operations\02. Basic Queue Operations.csproj", "{35D2F994-F9D9-4E0A-A7E3-73EC55DF4A82}"
EndProject
Project("{FAE04EC0-301F-11D3-BF4B-00C04F79EFBC}") = "03. Maximum and Minimum Element", "03. Maximum and Minimum Element\03. Maximum and Minimum Element.csproj", "{8BAECAFD-8C94-4314-A363-1B81EB52D60B}"
EndProject
Project("{FAE04EC0-301F-11D3-BF4B-00C04F79EFBC}") = "04. Fast Food", "04. Fast Food\04. Fast Food.csproj", "{1BBE5E18-14F6-4DAD-A3FF-FFAC8D32493D}"
EndProject
Project("{FAE04EC0-301F-11D3-BF4B-00C04F79EFBC}") = "05. Fashion Boutique", "05. Fashion Boutique\05. Fashion Boutique.csproj", "{7F2388A6-35E4-4DAB-AC97-3313C10C8235}"
EndProject
Project("{FAE04EC0-301F-11D3-BF4B-00C04F79EFBC}") = "06. Songs Queue", "06. Songs Queue\06. Songs Queue.csproj", "{B035E4B2-C522-4EB1-9E86-3E3BF7B24265}"
EndProject
Project("{FAE04EC0-301F-11D3-BF4B-00C04F79EFBC}") = "07. Truck Tour", "07. Truck Tour\07. Truck Tour.csproj", "{31645601-6BA0-4DB1-AFF2-E8F88E7E47BF}"
EndProject
Project("{FAE04EC0-301F-11D3-BF4B-00C04F79EFBC}") = "09. Simple Text Editor", "09. Simple Text Editor\09. Simple Text Editor.csproj", "{E91E1BD4-78A0-4D4B-A627-CCF5DE2F6F6C}"
EndProject
Project("{FAE04EC0-301F-11D3-BF4B-00C04F79EFBC}") = "08. Balanced Parenthesis", "08. Balanced Parenthesis\08. Balanced Parenthesis.csproj", "{D7087952-AEA6-45F0-BB7F-58F01B85D608}"
EndProject
Global
	GlobalSection(SolutionConfigurationPlatforms) = preSolution
		Debug|Any CPU = Debug|Any CPU
		Release|Any CPU = Release|Any CPU
	EndGlobalSection
	GlobalSection(ProjectConfigurationPlatforms) = postSolution
		{14A1AFEC-795B-4175-A6D9-F4B2E60EFC9F}.Debug|Any CPU.ActiveCfg = Debug|Any CPU
		{14A1AFEC-795B-4175-A6D9-F4B2E60EFC9F}.Debug|Any CPU.Build.0 = Debug|Any CPU
		{14A1AFEC-795B-4175-A6D9-F4B2E60EFC9F}.Release|Any CPU.ActiveCfg = Release|Any CPU
		{14A1AFEC-795B-4175-A6D9-F4B2E60EFC9F}.Release|Any CPU.Build.0 = Release|Any CPU
		{5B35980C-2818-47C1-AD71-AAED9A3DA874}.Debug|Any CPU.ActiveCfg = Debug|Any CPU
		{5B35980C-2818-47C1-AD71-AAED9A3DA874}.Debug|Any CPU.Build.0 = Debug|Any CPU
		{5B35980C-2818-47C1-AD71-AAED9A3DA874}.Release|Any CPU.ActiveCfg = Release|Any CPU
		{5B35980C-2818-47C1-AD71-AAED9A3DA874}.Release|Any CPU.Build.0 = Release|Any CPU
		{8AEB8464-5255-47E7-A132-9602D3C5C713}.Debug|Any CPU.ActiveCfg = Debug|Any CPU
		{8AEB8464-5255-47E7-A132-9602D3C5C713}.Debug|Any CPU.Build.0 = Debug|Any CPU
		{8AEB8464-5255-47E7-A132-9602D3C5C713}.Release|Any CPU.ActiveCfg = Release|Any CPU
		{8AEB8464-5255-47E7-A132-9602D3C5C713}.Release|Any CPU.Build.0 = Release|Any CPU
		{D67850C4-C39B-4B1E-B741-84039DCA8DA3}.Debug|Any CPU.ActiveCfg = Debug|Any CPU
		{D67850C4-C39B-4B1E-B741-84039DCA8DA3}.Debug|Any CPU.Build.0 = Debug|Any CPU
		{D67850C4-C39B-4B1E-B741-84039DCA8DA3}.Release|Any CPU.ActiveCfg = Release|Any CPU
		{D67850C4-C39B-4B1E-B741-84039DCA8DA3}.Release|Any CPU.Build.0 = Release|Any CPU
		{E0DACBB9-57C6-4DD7-84B7-1F575F354C70}.Debug|Any CPU.ActiveCfg = Debug|Any CPU
		{E0DACBB9-57C6-4DD7-84B7-1F575F354C70}.Debug|Any CPU.Build.0 = Debug|Any CPU
		{E0DACBB9-57C6-4DD7-84B7-1F575F354C70}.Release|Any CPU.ActiveCfg = Release|Any CPU
		{E0DACBB9-57C6-4DD7-84B7-1F575F354C70}.Release|Any CPU.Build.0 = Release|Any CPU
		{309EB688-EE2C-4FF3-B8EB-50E535570768}.Debug|Any CPU.ActiveCfg = Debug|Any CPU
		{309EB688-EE2C-4FF3-B8EB-50E535570768}.Debug|Any CPU.Build.0 = Debug|Any CPU
		{309EB688-EE2C-4FF3-B8EB-50E535570768}.Release|Any CPU.ActiveCfg = Release|Any CPU
		{309EB688-EE2C-4FF3-B8EB-50E535570768}.Release|Any CPU.Build.0 = Release|Any CPU
		{5FA8F86D-6EBF-4B88-95C2-BCD4480CF600}.Debug|Any CPU.ActiveCfg = Debug|Any CPU
		{5FA8F86D-6EBF-4B88-95C2-BCD4480CF600}.Debug|Any CPU.Build.0 = Debug|Any CPU
		{5FA8F86D-6EBF-4B88-95C2-BCD4480CF600}.Release|Any CPU.ActiveCfg = Release|Any CPU
		{5FA8F86D-6EBF-4B88-95C2-BCD4480CF600}.Release|Any CPU.Build.0 = Release|Any CPU
		{77260AF0-74B4-4AD9-AC64-3F04060FC8D7}.Debug|Any CPU.ActiveCfg = Debug|Any CPU
		{77260AF0-74B4-4AD9-AC64-3F04060FC8D7}.Debug|Any CPU.Build.0 = Debug|Any CPU
		{77260AF0-74B4-4AD9-AC64-3F04060FC8D7}.Release|Any CPU.ActiveCfg = Release|Any CPU
		{77260AF0-74B4-4AD9-AC64-3F04060FC8D7}.Release|Any CPU.Build.0 = Release|Any CPU
		{F2F84CF6-4341-4AC9-B2EC-A0D87B0EF7C7}.Debug|Any CPU.ActiveCfg = Debug|Any CPU
		{F2F84CF6-4341-4AC9-B2EC-A0D87B0EF7C7}.Debug|Any CPU.Build.0 = Debug|Any CPU
		{F2F84CF6-4341-4AC9-B2EC-A0D87B0EF7C7}.Release|Any CPU.ActiveCfg = Release|Any CPU
		{F2F84CF6-4341-4AC9-B2EC-A0D87B0EF7C7}.Release|Any CPU.Build.0 = Release|Any CPU
		{BD9B2DF7-7BCD-46C1-9C35-997F431FC97F}.Debug|Any CPU.ActiveCfg = Debug|Any CPU
		{BD9B2DF7-7BCD-46C1-9C35-997F431FC97F}.Debug|Any CPU.Build.0 = Debug|Any CPU
		{BD9B2DF7-7BCD-46C1-9C35-997F431FC97F}.Release|Any CPU.ActiveCfg = Release|Any CPU
		{BD9B2DF7-7BCD-46C1-9C35-997F431FC97F}.Release|Any CPU.Build.0 = Release|Any CPU
		{35D2F994-F9D9-4E0A-A7E3-73EC55DF4A82}.Debug|Any CPU.ActiveCfg = Debug|Any CPU
		{35D2F994-F9D9-4E0A-A7E3-73EC55DF4A82}.Debug|Any CPU.Build.0 = Debug|Any CPU
		{35D2F994-F9D9-4E0A-A7E3-73EC55DF4A82}.Release|Any CPU.ActiveCfg = Release|Any CPU
		{35D2F994-F9D9-4E0A-A7E3-73EC55DF4A82}.Release|Any CPU.Build.0 = Release|Any CPU
		{8BAECAFD-8C94-4314-A363-1B81EB52D60B}.Debug|Any CPU.ActiveCfg = Debug|Any CPU
		{8BAECAFD-8C94-4314-A363-1B81EB52D60B}.Debug|Any CPU.Build.0 = Debug|Any CPU
		{8BAECAFD-8C94-4314-A363-1B81EB52D60B}.Release|Any CPU.ActiveCfg = Release|Any CPU
		{8BAECAFD-8C94-4314-A363-1B81EB52D60B}.Release|Any CPU.Build.0 = Release|Any CPU
		{1BBE5E18-14F6-4DAD-A3FF-FFAC8D32493D}.Debug|Any CPU.ActiveCfg = Debug|Any CPU
		{1BBE5E18-14F6-4DAD-A3FF-FFAC8D32493D}.Debug|Any CPU.Build.0 = Debug|Any CPU
		{1BBE5E18-14F6-4DAD-A3FF-FFAC8D32493D}.Release|Any CPU.ActiveCfg = Release|Any CPU
		{1BBE5E18-14F6-4DAD-A3FF-FFAC8D32493D}.Release|Any CPU.Build.0 = Release|Any CPU
		{7F2388A6-35E4-4DAB-AC97-3313C10C8235}.Debug|Any CPU.ActiveCfg = Debug|Any CPU
		{7F2388A6-35E4-4DAB-AC97-3313C10C8235}.Debug|Any CPU.Build.0 = Debug|Any CPU
		{7F2388A6-35E4-4DAB-AC97-3313C10C8235}.Release|Any CPU.ActiveCfg = Release|Any CPU
		{7F2388A6-35E4-4DAB-AC97-3313C10C8235}.Release|Any CPU.Build.0 = Release|Any CPU
		{B035E4B2-C522-4EB1-9E86-3E3BF7B24265}.Debug|Any CPU.ActiveCfg = Debug|Any CPU
		{B035E4B2-C522-4EB1-9E86-3E3BF7B24265}.Debug|Any CPU.Build.0 = Debug|Any CPU
		{B035E4B2-C522-4EB1-9E86-3E3BF7B24265}.Release|Any CPU.ActiveCfg = Release|Any CPU
		{B035E4B2-C522-4EB1-9E86-3E3BF7B24265}.Release|Any CPU.Build.0 = Release|Any CPU
		{31645601-6BA0-4DB1-AFF2-E8F88E7E47BF}.Debug|Any CPU.ActiveCfg = Debug|Any CPU
		{31645601-6BA0-4DB1-AFF2-E8F88E7E47BF}.Debug|Any CPU.Build.0 = Debug|Any CPU
		{31645601-6BA0-4DB1-AFF2-E8F88E7E47BF}.Release|Any CPU.ActiveCfg = Release|Any CPU
		{31645601-6BA0-4DB1-AFF2-E8F88E7E47BF}.Release|Any CPU.Build.0 = Release|Any CPU
		{E91E1BD4-78A0-4D4B-A627-CCF5DE2F6F6C}.Debug|Any CPU.ActiveCfg = Debug|Any CPU
		{E91E1BD4-78A0-4D4B-A627-CCF5DE2F6F6C}.Debug|Any CPU.Build.0 = Debug|Any CPU
		{E91E1BD4-78A0-4D4B-A627-CCF5DE2F6F6C}.Release|Any CPU.ActiveCfg = Release|Any CPU
		{E91E1BD4-78A0-4D4B-A627-CCF5DE2F6F6C}.Release|Any CPU.Build.0 = Release|Any CPU
		{D7087952-AEA6-45F0-BB7F-58F01B85D608}.Debug|Any CPU.ActiveCfg = Debug|Any CPU
		{D7087952-AEA6-45F0-BB7F-58F01B85D608}.Debug|Any CPU.Build.0 = Debug|Any CPU
		{D7087952-AEA6-45F0-BB7F-58F01B85D608}.Release|Any CPU.ActiveCfg = Release|Any CPU
		{D7087952-AEA6-45F0-BB7F-58F01B85D608}.Release|Any CPU.Build.0 = Release|Any CPU
	EndGlobalSection
	GlobalSection(SolutionProperties) = preSolution
		HideSolutionNode = FALSE
	EndGlobalSection
	GlobalSection(ExtensibilityGlobals) = postSolution
		SolutionGuid = {0487ED1A-1B22-48E8-9337-FFCE0DAC73AD}
	EndGlobalSection
EndGlobal
