
Microsoft Visual Studio Solution File, Format Version 12.00
# Visual Studio Version 17
VisualStudioVersion = 17.5.33424.131
MinimumVisualStudioVersion = 10.0.40219.1
Project("{FAE04EC0-301F-11D3-BF4B-00C04F79EFBC}") = "ExamePreparation2", "ExamePreparation2\ExamePreparation2.csproj", "{5A5E2E2C-4F70-4B38-BF8F-3211453BA7B0}"
EndProject
Project("{FAE04EC0-301F-11D3-BF4B-00C04F79EFBC}") = "MousChallege", "MousChallege\MousChallege.csproj", "{67EAC763-41FD-4A50-9481-ADB1CC46F3CC}"
EndProject
Global
	GlobalSection(SolutionConfigurationPlatforms) = preSolution
		Debug|Any CPU = Debug|Any CPU
		Release|Any CPU = Release|Any CPU
	EndGlobalSection
	GlobalSection(ProjectConfigurationPlatforms) = postSolution
		{5A5E2E2C-4F70-4B38-BF8F-3211453BA7B0}.Debug|Any CPU.ActiveCfg = Debug|Any CPU
		{5A5E2E2C-4F70-4B38-BF8F-3211453BA7B0}.Debug|Any CPU.Build.0 = Debug|Any CPU
		{5A5E2E2C-4F70-4B38-BF8F-3211453BA7B0}.Release|Any CPU.ActiveCfg = Release|Any CPU
		{5A5E2E2C-4F70-4B38-BF8F-3211453BA7B0}.Release|Any CPU.Build.0 = Release|Any CPU
		{67EAC763-41FD-4A50-9481-ADB1CC46F3CC}.Debug|Any CPU.ActiveCfg = Debug|Any CPU
		{67EAC763-41FD-4A50-9481-ADB1CC46F3CC}.Debug|Any CPU.Build.0 = Debug|Any CPU
		{67EAC763-41FD-4A50-9481-ADB1CC46F3CC}.Release|Any CPU.ActiveCfg = Release|Any CPU
		{67EAC763-41FD-4A50-9481-ADB1CC46F3CC}.Release|Any CPU.Build.0 = Release|Any CPU
	EndGlobalSection
	GlobalSection(SolutionProperties) = preSolution
		HideSolutionNode = FALSE
	EndGlobalSection
	GlobalSection(ExtensibilityGlobals) = postSolution
		SolutionGuid = {155A7366-084A-41CD-B3FA-164CFE53A643}
	EndGlobalSection
EndGlobal
