
Microsoft Visual Studio Solution File, Format Version 12.00
# Visual Studio Version 17
VisualStudioVersion = 17.5.33424.131
MinimumVisualStudioVersion = 10.0.40219.1
Project("{FAE04EC0-301F-11D3-BF4B-00C04F79EFBC}") = "Offroad", "Offroad\Offroad.csproj", "{04613F87-F90B-47B4-A3C4-479971CC0E32}"
EndProject
Project("{FAE04EC0-301F-11D3-BF4B-00C04F79EFBC}") = "FishingCompetition", "FishingCompetition\FishingCompetition.csproj", "{59E7FB43-C7A3-4E89-AC90-53763DDAF1E5}"
EndProject
Global
	GlobalSection(SolutionConfigurationPlatforms) = preSolution
		Debug|Any CPU = Debug|Any CPU
		Release|Any CPU = Release|Any CPU
	EndGlobalSection
	GlobalSection(ProjectConfigurationPlatforms) = postSolution
		{04613F87-F90B-47B4-A3C4-479971CC0E32}.Debug|Any CPU.ActiveCfg = Debug|Any CPU
		{04613F87-F90B-47B4-A3C4-479971CC0E32}.Debug|Any CPU.Build.0 = Debug|Any CPU
		{04613F87-F90B-47B4-A3C4-479971CC0E32}.Release|Any CPU.ActiveCfg = Release|Any CPU
		{04613F87-F90B-47B4-A3C4-479971CC0E32}.Release|Any CPU.Build.0 = Release|Any CPU
		{59E7FB43-C7A3-4E89-AC90-53763DDAF1E5}.Debug|Any CPU.ActiveCfg = Debug|Any CPU
		{59E7FB43-C7A3-4E89-AC90-53763DDAF1E5}.Debug|Any CPU.Build.0 = Debug|Any CPU
		{59E7FB43-C7A3-4E89-AC90-53763DDAF1E5}.Release|Any CPU.ActiveCfg = Release|Any CPU
		{59E7FB43-C7A3-4E89-AC90-53763DDAF1E5}.Release|Any CPU.Build.0 = Release|Any CPU
	EndGlobalSection
	GlobalSection(SolutionProperties) = preSolution
		HideSolutionNode = FALSE
	EndGlobalSection
	GlobalSection(ExtensibilityGlobals) = postSolution
		SolutionGuid = {6C391869-AC78-4D61-9703-89D338F0773C}
	EndGlobalSection
EndGlobal
